
Microsoft Visual Studio Solution File, Format Version 12.00
# Visual Studio Version 17
VisualStudioVersion = 17.12.35514.174 d17.12
MinimumVisualStudioVersion = 10.0.40219.1
Project("{FAE04EC0-301F-11D3-BF4B-00C04F79EFBC}") = "FunctionApp2", "FunctionApp2\FunctionApp2.csproj", "{B54775B1-5B6A-4DAB-9561-E13816F6521D}"
EndProject
Global
	GlobalSection(SolutionConfigurationPlatforms) = preSolution
		Debug|Any CPU = Debug|Any CPU
		Release|Any CPU = Release|Any CPU
	EndGlobalSection
	GlobalSection(ProjectConfigurationPlatforms) = postSolution
		{B54775B1-5B6A-4DAB-9561-E13816F6521D}.Debug|Any CPU.ActiveCfg = Debug|Any CPU
		{B54775B1-5B6A-4DAB-9561-E13816F6521D}.Debug|Any CPU.Build.0 = Debug|Any CPU
		{B54775B1-5B6A-4DAB-9561-E13816F6521D}.Release|Any CPU.ActiveCfg = Release|Any CPU
		{B54775B1-5B6A-4DAB-9561-E13816F6521D}.Release|Any CPU.Build.0 = Release|Any CPU
	EndGlobalSection
	GlobalSection(SolutionProperties) = preSolution
		HideSolutionNode = FALSE
	EndGlobalSection
EndGlobal
